
Microsoft Visual Studio Solution File, Format Version 12.00
# Visual Studio 15
VisualStudioVersion = 15.0.27004.2009
MinimumVisualStudioVersion = 10.0.40219.1
Project("{E24C65DC-7377-472B-9ABA-BC803B73C61A}") = "MSIT117Web", "D:\JSS\MSIT117Web\", "{9AB776A9-B465-4664-9362-3367CF1E9EEC}"
	ProjectSection(WebsiteProperties) = preProject
		TargetFrameworkMoniker = ".NETFramework,Version%3Dv4.6.1"
		Debug.AspNetCompiler.VirtualPath = "/localhost_50233"
		Debug.AspNetCompiler.PhysicalPath = "D:\JSS\MSIT117Web\"
		Debug.AspNetCompiler.TargetPath = "PrecompiledWeb\localhost_50233\"
		Debug.AspNetCompiler.Updateable = "true"
		Debug.AspNetCompiler.ForceOverwrite = "true"
		Debug.AspNetCompiler.FixedNames = "false"
		Debug.AspNetCompiler.Debug = "True"
		Release.AspNetCompiler.VirtualPath = "/localhost_50233"
		Release.AspNetCompiler.PhysicalPath = "D:\JSS\MSIT117Web\"
		Release.AspNetCompiler.TargetPath = "PrecompiledWeb\localhost_50233\"
		Release.AspNetCompiler.Updateable = "true"
		Release.AspNetCompiler.ForceOverwrite = "true"
		Release.AspNetCompiler.FixedNames = "false"
		Release.AspNetCompiler.Debug = "False"
		VWDPort = "50233"
		SlnRelativePath = "D:\JSS\MSIT117Web\"
		DefaultWebSiteLanguage = "Visual C#"
	EndProjectSection
EndProject
Global
	GlobalSection(SolutionConfigurationPlatforms) = preSolution
		Debug|Any CPU = Debug|Any CPU
	EndGlobalSection
	GlobalSection(ProjectConfigurationPlatforms) = postSolution
		{9AB776A9-B465-4664-9362-3367CF1E9EEC}.Debug|Any CPU.ActiveCfg = Debug|Any CPU
		{9AB776A9-B465-4664-9362-3367CF1E9EEC}.Debug|Any CPU.Build.0 = Debug|Any CPU
	EndGlobalSection
	GlobalSection(SolutionProperties) = preSolution
		HideSolutionNode = FALSE
	EndGlobalSection
	GlobalSection(ExtensibilityGlobals) = postSolution
		SolutionGuid = {7B6EF65D-2B6E-426A-AE48-4F47FFEEE08E}
	EndGlobalSection
EndGlobal
